
Microsoft Visual Studio Solution File, Format Version 12.00
# Visual Studio 15
VisualStudioVersion = 15.0.28307.960
MinimumVisualStudioVersion = 10.0.40219.1
Project("{2150E333-8FDC-42A3-9474-1A3956D46DE8}") = "Backend", "Backend", "{8AABE4EE-AEC6-4DB0-9C4F-C1ADE9C1930B}"
EndProject
Project("{2150E333-8FDC-42A3-9474-1A3956D46DE8}") = "Frontend", "Frontend", "{8FB61C37-408A-4A76-9511-FD954D8AF66E}"
EndProject
Project("{FAE04EC0-301F-11D3-BF4B-00C04F79EFBC}") = "Shop.Common", "Shop.Common\Shop.Common.csproj", "{4E01D5F4-E7B0-4ACB-9815-FCC67B154343}"
EndProject
Project("{FAE04EC0-301F-11D3-BF4B-00C04F79EFBC}") = "Shop.Web", "Shop.Web\Shop.Web.csproj", "{0FEDB3FD-0DEC-4AEB-89D2-C9C351462D63}"
EndProject
Project("{2150E333-8FDC-42A3-9474-1A3956D46DE8}") = "Forms", "Forms", "{2571ACC8-DE09-41A8-8676-A5FCCAAEE9A1}"
EndProject
Project("{2150E333-8FDC-42A3-9474-1A3956D46DE8}") = "Classic", "Classic", "{8246FB73-3F58-4EC7-80E2-787A79C43038}"
EndProject
Project("{FAE04EC0-301F-11D3-BF4B-00C04F79EFBC}") = "Shop.UIForms.Android", "Shop.UIForms\Shop.UIForms.Android\Shop.UIForms.Android.csproj", "{3D0305BF-B744-456A-B5C8-2A0821400C7E}"
EndProject
Project("{FAE04EC0-301F-11D3-BF4B-00C04F79EFBC}") = "Shop.UIForms.iOS", "Shop.UIForms\Shop.UIForms.iOS\Shop.UIForms.iOS.csproj", "{B015D4D0-37C7-4607-BB35-A15B36FFEAEC}"
EndProject
Project("{FAE04EC0-301F-11D3-BF4B-00C04F79EFBC}") = "Shop.UIForms", "Shop.UIForms\Shop.UIForms\Shop.UIForms.csproj", "{0E8BBDF6-D531-4BF2-819C-499A66B28606}"
EndProject
Project("{FAE04EC0-301F-11D3-BF4B-00C04F79EFBC}") = "Shop.UIClassic", "Shop.UIClassic\Shop.UIClassic.csproj", "{C8E17218-F100-4CA4-ADC4-67BD6A01EB20}"
EndProject
Project("{FAE04EC0-301F-11D3-BF4B-00C04F79EFBC}") = "Shop.UIClassic.Android", "Shop.UIClassic.Android\Shop.UIClassic.Android.csproj", "{591E6902-7795-494F-8913-263CC4B5C03C}"
EndProject
Project("{FAE04EC0-301F-11D3-BF4B-00C04F79EFBC}") = "Shop.UIClassic.iOS", "Shop.UIClassic.iOS\Shop.UIClassic.iOS.csproj", "{80A96B52-6758-4BDB-B0B4-CEA4CA155C60}"
EndProject
Global
	GlobalSection(SolutionConfigurationPlatforms) = preSolution
		Ad-Hoc|Any CPU = Ad-Hoc|Any CPU
		Ad-Hoc|iPhone = Ad-Hoc|iPhone
		Ad-Hoc|iPhoneSimulator = Ad-Hoc|iPhoneSimulator
		AppStore|Any CPU = AppStore|Any CPU
		AppStore|iPhone = AppStore|iPhone
		AppStore|iPhoneSimulator = AppStore|iPhoneSimulator
		Debug|Any CPU = Debug|Any CPU
		Debug|iPhone = Debug|iPhone
		Debug|iPhoneSimulator = Debug|iPhoneSimulator
		Release|Any CPU = Release|Any CPU
		Release|iPhone = Release|iPhone
		Release|iPhoneSimulator = Release|iPhoneSimulator
	EndGlobalSection
	GlobalSection(ProjectConfigurationPlatforms) = postSolution
		{4E01D5F4-E7B0-4ACB-9815-FCC67B154343}.Ad-Hoc|Any CPU.ActiveCfg = Debug|Any CPU
		{4E01D5F4-E7B0-4ACB-9815-FCC67B154343}.Ad-Hoc|Any CPU.Build.0 = Debug|Any CPU
		{4E01D5F4-E7B0-4ACB-9815-FCC67B154343}.Ad-Hoc|iPhone.ActiveCfg = Debug|Any CPU
		{4E01D5F4-E7B0-4ACB-9815-FCC67B154343}.Ad-Hoc|iPhone.Build.0 = Debug|Any CPU
		{4E01D5F4-E7B0-4ACB-9815-FCC67B154343}.Ad-Hoc|iPhoneSimulator.ActiveCfg = Debug|Any CPU
		{4E01D5F4-E7B0-4ACB-9815-FCC67B154343}.Ad-Hoc|iPhoneSimulator.Build.0 = Debug|Any CPU
		{4E01D5F4-E7B0-4ACB-9815-FCC67B154343}.AppStore|Any CPU.ActiveCfg = Debug|Any CPU
		{4E01D5F4-E7B0-4ACB-9815-FCC67B154343}.AppStore|Any CPU.Build.0 = Debug|Any CPU
		{4E01D5F4-E7B0-4ACB-9815-FCC67B154343}.AppStore|iPhone.ActiveCfg = Debug|Any CPU
		{4E01D5F4-E7B0-4ACB-9815-FCC67B154343}.AppStore|iPhone.Build.0 = Debug|Any CPU
		{4E01D5F4-E7B0-4ACB-9815-FCC67B154343}.AppStore|iPhoneSimulator.ActiveCfg = Debug|Any CPU
		{4E01D5F4-E7B0-4ACB-9815-FCC67B154343}.AppStore|iPhoneSimulator.Build.0 = Debug|Any CPU
		{4E01D5F4-E7B0-4ACB-9815-FCC67B154343}.Debug|Any CPU.ActiveCfg = Debug|Any CPU
		{4E01D5F4-E7B0-4ACB-9815-FCC67B154343}.Debug|Any CPU.Build.0 = Debug|Any CPU
		{4E01D5F4-E7B0-4ACB-9815-FCC67B154343}.Debug|iPhone.ActiveCfg = Debug|Any CPU
		{4E01D5F4-E7B0-4ACB-9815-FCC67B154343}.Debug|iPhone.Build.0 = Debug|Any CPU
		{4E01D5F4-E7B0-4ACB-9815-FCC67B154343}.Debug|iPhoneSimulator.ActiveCfg = Debug|Any CPU
		{4E01D5F4-E7B0-4ACB-9815-FCC67B154343}.Debug|iPhoneSimulator.Build.0 = Debug|Any CPU
		{4E01D5F4-E7B0-4ACB-9815-FCC67B154343}.Release|Any CPU.ActiveCfg = Release|Any CPU
		{4E01D5F4-E7B0-4ACB-9815-FCC67B154343}.Release|Any CPU.Build.0 = Release|Any CPU
		{4E01D5F4-E7B0-4ACB-9815-FCC67B154343}.Release|iPhone.ActiveCfg = Release|Any CPU
		{4E01D5F4-E7B0-4ACB-9815-FCC67B154343}.Release|iPhone.Build.0 = Release|Any CPU
		{4E01D5F4-E7B0-4ACB-9815-FCC67B154343}.Release|iPhoneSimulator.ActiveCfg = Release|Any CPU
		{4E01D5F4-E7B0-4ACB-9815-FCC67B154343}.Release|iPhoneSimulator.Build.0 = Release|Any CPU
		{0FEDB3FD-0DEC-4AEB-89D2-C9C351462D63}.Ad-Hoc|Any CPU.ActiveCfg = Debug|Any CPU
		{0FEDB3FD-0DEC-4AEB-89D2-C9C351462D63}.Ad-Hoc|Any CPU.Build.0 = Debug|Any CPU
		{0FEDB3FD-0DEC-4AEB-89D2-C9C351462D63}.Ad-Hoc|iPhone.ActiveCfg = Debug|Any CPU
		{0FEDB3FD-0DEC-4AEB-89D2-C9C351462D63}.Ad-Hoc|iPhone.Build.0 = Debug|Any CPU
		{0FEDB3FD-0DEC-4AEB-89D2-C9C351462D63}.Ad-Hoc|iPhoneSimulator.ActiveCfg = Debug|Any CPU
		{0FEDB3FD-0DEC-4AEB-89D2-C9C351462D63}.Ad-Hoc|iPhoneSimulator.Build.0 = Debug|Any CPU
		{0FEDB3FD-0DEC-4AEB-89D2-C9C351462D63}.AppStore|Any CPU.ActiveCfg = Debug|Any CPU
		{0FEDB3FD-0DEC-4AEB-89D2-C9C351462D63}.AppStore|Any CPU.Build.0 = Debug|Any CPU
		{0FEDB3FD-0DEC-4AEB-89D2-C9C351462D63}.AppStore|iPhone.ActiveCfg = Debug|Any CPU
		{0FEDB3FD-0DEC-4AEB-89D2-C9C351462D63}.AppStore|iPhone.Build.0 = Debug|Any CPU
		{0FEDB3FD-0DEC-4AEB-89D2-C9C351462D63}.AppStore|iPhoneSimulator.ActiveCfg = Debug|Any CPU
		{0FEDB3FD-0DEC-4AEB-89D2-C9C351462D63}.AppStore|iPhoneSimulator.Build.0 = Debug|Any CPU
		{0FEDB3FD-0DEC-4AEB-89D2-C9C351462D63}.Debug|Any CPU.ActiveCfg = Debug|Any CPU
		{0FEDB3FD-0DEC-4AEB-89D2-C9C351462D63}.Debug|Any CPU.Build.0 = Debug|Any CPU
		{0FEDB3FD-0DEC-4AEB-89D2-C9C351462D63}.Debug|iPhone.ActiveCfg = Debug|Any CPU
		{0FEDB3FD-0DEC-4AEB-89D2-C9C351462D63}.Debug|iPhone.Build.0 = Debug|Any CPU
		{0FEDB3FD-0DEC-4AEB-89D2-C9C351462D63}.Debug|iPhoneSimulator.ActiveCfg = Debug|Any CPU
		{0FEDB3FD-0DEC-4AEB-89D2-C9C351462D63}.Debug|iPhoneSimulator.Build.0 = Debug|Any CPU
		{0FEDB3FD-0DEC-4AEB-89D2-C9C351462D63}.Release|Any CPU.ActiveCfg = Release|Any CPU
		{0FEDB3FD-0DEC-4AEB-89D2-C9C351462D63}.Release|Any CPU.Build.0 = Release|Any CPU
		{0FEDB3FD-0DEC-4AEB-89D2-C9C351462D63}.Release|iPhone.ActiveCfg = Release|Any CPU
		{0FEDB3FD-0DEC-4AEB-89D2-C9C351462D63}.Release|iPhone.Build.0 = Release|Any CPU
		{0FEDB3FD-0DEC-4AEB-89D2-C9C351462D63}.Release|iPhoneSimulator.ActiveCfg = Release|Any CPU
		{0FEDB3FD-0DEC-4AEB-89D2-C9C351462D63}.Release|iPhoneSimulator.Build.0 = Release|Any CPU
		{3D0305BF-B744-456A-B5C8-2A0821400C7E}.Ad-Hoc|Any CPU.ActiveCfg = Release|Any CPU
		{3D0305BF-B744-456A-B5C8-2A0821400C7E}.Ad-Hoc|Any CPU.Build.0 = Release|Any CPU
		{3D0305BF-B744-456A-B5C8-2A0821400C7E}.Ad-Hoc|Any CPU.Deploy.0 = Release|Any CPU
		{3D0305BF-B744-456A-B5C8-2A0821400C7E}.Ad-Hoc|iPhone.ActiveCfg = Release|Any CPU
		{3D0305BF-B744-456A-B5C8-2A0821400C7E}.Ad-Hoc|iPhone.Build.0 = Release|Any CPU
		{3D0305BF-B744-456A-B5C8-2A0821400C7E}.Ad-Hoc|iPhone.Deploy.0 = Release|Any CPU
		{3D0305BF-B744-456A-B5C8-2A0821400C7E}.Ad-Hoc|iPhoneSimulator.ActiveCfg = Release|Any CPU
		{3D0305BF-B744-456A-B5C8-2A0821400C7E}.Ad-Hoc|iPhoneSimulator.Build.0 = Release|Any CPU
		{3D0305BF-B744-456A-B5C8-2A0821400C7E}.Ad-Hoc|iPhoneSimulator.Deploy.0 = Release|Any CPU
		{3D0305BF-B744-456A-B5C8-2A0821400C7E}.AppStore|Any CPU.ActiveCfg = Release|Any CPU
		{3D0305BF-B744-456A-B5C8-2A0821400C7E}.AppStore|Any CPU.Build.0 = Release|Any CPU
		{3D0305BF-B744-456A-B5C8-2A0821400C7E}.AppStore|Any CPU.Deploy.0 = Release|Any CPU
		{3D0305BF-B744-456A-B5C8-2A0821400C7E}.AppStore|iPhone.ActiveCfg = Release|Any CPU
		{3D0305BF-B744-456A-B5C8-2A0821400C7E}.AppStore|iPhone.Build.0 = Release|Any CPU
		{3D0305BF-B744-456A-B5C8-2A0821400C7E}.AppStore|iPhone.Deploy.0 = Release|Any CPU
		{3D0305BF-B744-456A-B5C8-2A0821400C7E}.AppStore|iPhoneSimulator.ActiveCfg = Release|Any CPU
		{3D0305BF-B744-456A-B5C8-2A0821400C7E}.AppStore|iPhoneSimulator.Build.0 = Release|Any CPU
		{3D0305BF-B744-456A-B5C8-2A0821400C7E}.AppStore|iPhoneSimulator.Deploy.0 = Release|Any CPU
		{3D0305BF-B744-456A-B5C8-2A0821400C7E}.Debug|Any CPU.ActiveCfg = Debug|Any CPU
		{3D0305BF-B744-456A-B5C8-2A0821400C7E}.Debug|Any CPU.Build.0 = Debug|Any CPU
		{3D0305BF-B744-456A-B5C8-2A0821400C7E}.Debug|Any CPU.Deploy.0 = Debug|Any CPU
		{3D0305BF-B744-456A-B5C8-2A0821400C7E}.Debug|iPhone.ActiveCfg = Debug|Any CPU
		{3D0305BF-B744-456A-B5C8-2A0821400C7E}.Debug|iPhone.Build.0 = Debug|Any CPU
		{3D0305BF-B744-456A-B5C8-2A0821400C7E}.Debug|iPhone.Deploy.0 = Debug|Any CPU
		{3D0305BF-B744-456A-B5C8-2A0821400C7E}.Debug|iPhoneSimulator.ActiveCfg = Debug|Any CPU
		{3D0305BF-B744-456A-B5C8-2A0821400C7E}.Debug|iPhoneSimulator.Build.0 = Debug|Any CPU
		{3D0305BF-B744-456A-B5C8-2A0821400C7E}.Debug|iPhoneSimulator.Deploy.0 = Debug|Any CPU
		{3D0305BF-B744-456A-B5C8-2A0821400C7E}.Release|Any CPU.ActiveCfg = Release|Any CPU
		{3D0305BF-B744-456A-B5C8-2A0821400C7E}.Release|Any CPU.Build.0 = Release|Any CPU
		{3D0305BF-B744-456A-B5C8-2A0821400C7E}.Release|Any CPU.Deploy.0 = Release|Any CPU
		{3D0305BF-B744-456A-B5C8-2A0821400C7E}.Release|iPhone.ActiveCfg = Release|Any CPU
		{3D0305BF-B744-456A-B5C8-2A0821400C7E}.Release|iPhone.Build.0 = Release|Any CPU
		{3D0305BF-B744-456A-B5C8-2A0821400C7E}.Release|iPhone.Deploy.0 = Release|Any CPU
		{3D0305BF-B744-456A-B5C8-2A0821400C7E}.Release|iPhoneSimulator.ActiveCfg = Release|Any CPU
		{3D0305BF-B744-456A-B5C8-2A0821400C7E}.Release|iPhoneSimulator.Build.0 = Release|Any CPU
		{3D0305BF-B744-456A-B5C8-2A0821400C7E}.Release|iPhoneSimulator.Deploy.0 = Release|Any CPU
		{B015D4D0-37C7-4607-BB35-A15B36FFEAEC}.Ad-Hoc|Any CPU.ActiveCfg = Ad-Hoc|iPhone
		{B015D4D0-37C7-4607-BB35-A15B36FFEAEC}.Ad-Hoc|iPhone.ActiveCfg = Ad-Hoc|iPhone
		{B015D4D0-37C7-4607-BB35-A15B36FFEAEC}.Ad-Hoc|iPhone.Build.0 = Ad-Hoc|iPhone
		{B015D4D0-37C7-4607-BB35-A15B36FFEAEC}.Ad-Hoc|iPhoneSimulator.ActiveCfg = Ad-Hoc|iPhoneSimulator
		{B015D4D0-37C7-4607-BB35-A15B36FFEAEC}.Ad-Hoc|iPhoneSimulator.Build.0 = Ad-Hoc|iPhoneSimulator
		{B015D4D0-37C7-4607-BB35-A15B36FFEAEC}.AppStore|Any CPU.ActiveCfg = AppStore|iPhone
		{B015D4D0-37C7-4607-BB35-A15B36FFEAEC}.AppStore|iPhone.ActiveCfg = AppStore|iPhone
		{B015D4D0-37C7-4607-BB35-A15B36FFEAEC}.AppStore|iPhone.Build.0 = AppStore|iPhone
		{B015D4D0-37C7-4607-BB35-A15B36FFEAEC}.AppStore|iPhoneSimulator.ActiveCfg = AppStore|iPhoneSimulator
		{B015D4D0-37C7-4607-BB35-A15B36FFEAEC}.AppStore|iPhoneSimulator.Build.0 = AppStore|iPhoneSimulator
		{B015D4D0-37C7-4607-BB35-A15B36FFEAEC}.Debug|Any CPU.ActiveCfg = Debug|iPhone
		{B015D4D0-37C7-4607-BB35-A15B36FFEAEC}.Debug|iPhone.ActiveCfg = Debug|iPhone
		{B015D4D0-37C7-4607-BB35-A15B36FFEAEC}.Debug|iPhone.Build.0 = Debug|iPhone
		{B015D4D0-37C7-4607-BB35-A15B36FFEAEC}.Debug|iPhoneSimulator.ActiveCfg = Debug|iPhoneSimulator
		{B015D4D0-37C7-4607-BB35-A15B36FFEAEC}.Debug|iPhoneSimulator.Build.0 = Debug|iPhoneSimulator
		{B015D4D0-37C7-4607-BB35-A15B36FFEAEC}.Release|Any CPU.ActiveCfg = Release|iPhone
		{B015D4D0-37C7-4607-BB35-A15B36FFEAEC}.Release|iPhone.ActiveCfg = Release|iPhone
		{B015D4D0-37C7-4607-BB35-A15B36FFEAEC}.Release|iPhone.Build.0 = Release|iPhone
		{B015D4D0-37C7-4607-BB35-A15B36FFEAEC}.Release|iPhoneSimulator.ActiveCfg = Release|iPhoneSimulator
		{B015D4D0-37C7-4607-BB35-A15B36FFEAEC}.Release|iPhoneSimulator.Build.0 = Release|iPhoneSimulator
		{0E8BBDF6-D531-4BF2-819C-499A66B28606}.Ad-Hoc|Any CPU.ActiveCfg = Debug|Any CPU
		{0E8BBDF6-D531-4BF2-819C-499A66B28606}.Ad-Hoc|Any CPU.Build.0 = Debug|Any CPU
		{0E8BBDF6-D531-4BF2-819C-499A66B28606}.Ad-Hoc|iPhone.ActiveCfg = Debug|Any CPU
		{0E8BBDF6-D531-4BF2-819C-499A66B28606}.Ad-Hoc|iPhone.Build.0 = Debug|Any CPU
		{0E8BBDF6-D531-4BF2-819C-499A66B28606}.Ad-Hoc|iPhoneSimulator.ActiveCfg = Debug|Any CPU
		{0E8BBDF6-D531-4BF2-819C-499A66B28606}.Ad-Hoc|iPhoneSimulator.Build.0 = Debug|Any CPU
		{0E8BBDF6-D531-4BF2-819C-499A66B28606}.AppStore|Any CPU.ActiveCfg = Debug|Any CPU
		{0E8BBDF6-D531-4BF2-819C-499A66B28606}.AppStore|Any CPU.Build.0 = Debug|Any CPU
		{0E8BBDF6-D531-4BF2-819C-499A66B28606}.AppStore|iPhone.ActiveCfg = Debug|Any CPU
		{0E8BBDF6-D531-4BF2-819C-499A66B28606}.AppStore|iPhone.Build.0 = Debug|Any CPU
		{0E8BBDF6-D531-4BF2-819C-499A66B28606}.AppStore|iPhoneSimulator.ActiveCfg = Debug|Any CPU
		{0E8BBDF6-D531-4BF2-819C-499A66B28606}.AppStore|iPhoneSimulator.Build.0 = Debug|Any CPU
		{0E8BBDF6-D531-4BF2-819C-499A66B28606}.Debug|Any CPU.ActiveCfg = Debug|Any CPU
		{0E8BBDF6-D531-4BF2-819C-499A66B28606}.Debug|Any CPU.Build.0 = Debug|Any CPU
		{0E8BBDF6-D531-4BF2-819C-499A66B28606}.Debug|iPhone.ActiveCfg = Debug|Any CPU
		{0E8BBDF6-D531-4BF2-819C-499A66B28606}.Debug|iPhone.Build.0 = Debug|Any CPU
		{0E8BBDF6-D531-4BF2-819C-499A66B28606}.Debug|iPhoneSimulator.ActiveCfg = Debug|Any CPU
		{0E8BBDF6-D531-4BF2-819C-499A66B28606}.Debug|iPhoneSimulator.Build.0 = Debug|Any CPU
		{0E8BBDF6-D531-4BF2-819C-499A66B28606}.Release|Any CPU.ActiveCfg = Release|Any CPU
		{0E8BBDF6-D531-4BF2-819C-499A66B28606}.Release|Any CPU.Build.0 = Release|Any CPU
		{0E8BBDF6-D531-4BF2-819C-499A66B28606}.Release|iPhone.ActiveCfg = Release|Any CPU
		{0E8BBDF6-D531-4BF2-819C-499A66B28606}.Release|iPhone.Build.0 = Release|Any CPU
		{0E8BBDF6-D531-4BF2-819C-499A66B28606}.Release|iPhoneSimulator.ActiveCfg = Release|Any CPU
		{0E8BBDF6-D531-4BF2-819C-499A66B28606}.Release|iPhoneSimulator.Build.0 = Release|Any CPU
		{C8E17218-F100-4CA4-ADC4-67BD6A01EB20}.Ad-Hoc|Any CPU.ActiveCfg = Debug|Any CPU
		{C8E17218-F100-4CA4-ADC4-67BD6A01EB20}.Ad-Hoc|Any CPU.Build.0 = Debug|Any CPU
		{C8E17218-F100-4CA4-ADC4-67BD6A01EB20}.Ad-Hoc|iPhone.ActiveCfg = Debug|Any CPU
		{C8E17218-F100-4CA4-ADC4-67BD6A01EB20}.Ad-Hoc|iPhone.Build.0 = Debug|Any CPU
		{C8E17218-F100-4CA4-ADC4-67BD6A01EB20}.Ad-Hoc|iPhoneSimulator.ActiveCfg = Debug|Any CPU
		{C8E17218-F100-4CA4-ADC4-67BD6A01EB20}.Ad-Hoc|iPhoneSimulator.Build.0 = Debug|Any CPU
		{C8E17218-F100-4CA4-ADC4-67BD6A01EB20}.AppStore|Any CPU.ActiveCfg = Debug|Any CPU
		{C8E17218-F100-4CA4-ADC4-67BD6A01EB20}.AppStore|Any CPU.Build.0 = Debug|Any CPU
		{C8E17218-F100-4CA4-ADC4-67BD6A01EB20}.AppStore|iPhone.ActiveCfg = Debug|Any CPU
		{C8E17218-F100-4CA4-ADC4-67BD6A01EB20}.AppStore|iPhone.Build.0 = Debug|Any CPU
		{C8E17218-F100-4CA4-ADC4-67BD6A01EB20}.AppStore|iPhoneSimulator.ActiveCfg = Debug|Any CPU
		{C8E17218-F100-4CA4-ADC4-67BD6A01EB20}.AppStore|iPhoneSimulator.Build.0 = Debug|Any CPU
		{C8E17218-F100-4CA4-ADC4-67BD6A01EB20}.Debug|Any CPU.ActiveCfg = Debug|Any CPU
		{C8E17218-F100-4CA4-ADC4-67BD6A01EB20}.Debug|Any CPU.Build.0 = Debug|Any CPU
		{C8E17218-F100-4CA4-ADC4-67BD6A01EB20}.Debug|iPhone.ActiveCfg = Debug|Any CPU
		{C8E17218-F100-4CA4-ADC4-67BD6A01EB20}.Debug|iPhone.Build.0 = Debug|Any CPU
		{C8E17218-F100-4CA4-ADC4-67BD6A01EB20}.Debug|iPhoneSimulator.ActiveCfg = Debug|Any CPU
		{C8E17218-F100-4CA4-ADC4-67BD6A01EB20}.Debug|iPhoneSimulator.Build.0 = Debug|Any CPU
		{C8E17218-F100-4CA4-ADC4-67BD6A01EB20}.Release|Any CPU.ActiveCfg = Release|Any CPU
		{C8E17218-F100-4CA4-ADC4-67BD6A01EB20}.Release|Any CPU.Build.0 = Release|Any CPU
		{C8E17218-F100-4CA4-ADC4-67BD6A01EB20}.Release|iPhone.ActiveCfg = Release|Any CPU
		{C8E17218-F100-4CA4-ADC4-67BD6A01EB20}.Release|iPhone.Build.0 = Release|Any CPU
		{C8E17218-F100-4CA4-ADC4-67BD6A01EB20}.Release|iPhoneSimulator.ActiveCfg = Release|Any CPU
		{C8E17218-F100-4CA4-ADC4-67BD6A01EB20}.Release|iPhoneSimulator.Build.0 = Release|Any CPU
		{591E6902-7795-494F-8913-263CC4B5C03C}.Ad-Hoc|Any CPU.ActiveCfg = Release|Any CPU
		{591E6902-7795-494F-8913-263CC4B5C03C}.Ad-Hoc|Any CPU.Build.0 = Release|Any CPU
		{591E6902-7795-494F-8913-263CC4B5C03C}.Ad-Hoc|Any CPU.Deploy.0 = Release|Any CPU
		{591E6902-7795-494F-8913-263CC4B5C03C}.Ad-Hoc|iPhone.ActiveCfg = Release|Any CPU
		{591E6902-7795-494F-8913-263CC4B5C03C}.Ad-Hoc|iPhone.Build.0 = Release|Any CPU
		{591E6902-7795-494F-8913-263CC4B5C03C}.Ad-Hoc|iPhone.Deploy.0 = Release|Any CPU
		{591E6902-7795-494F-8913-263CC4B5C03C}.Ad-Hoc|iPhoneSimulator.ActiveCfg = Release|Any CPU
		{591E6902-7795-494F-8913-263CC4B5C03C}.Ad-Hoc|iPhoneSimulator.Build.0 = Release|Any CPU
		{591E6902-7795-494F-8913-263CC4B5C03C}.Ad-Hoc|iPhoneSimulator.Deploy.0 = Release|Any CPU
		{591E6902-7795-494F-8913-263CC4B5C03C}.AppStore|Any CPU.ActiveCfg = Release|Any CPU
		{591E6902-7795-494F-8913-263CC4B5C03C}.AppStore|Any CPU.Build.0 = Release|Any CPU
		{591E6902-7795-494F-8913-263CC4B5C03C}.AppStore|Any CPU.Deploy.0 = Release|Any CPU
		{591E6902-7795-494F-8913-263CC4B5C03C}.AppStore|iPhone.ActiveCfg = Release|Any CPU
		{591E6902-7795-494F-8913-263CC4B5C03C}.AppStore|iPhone.Build.0 = Release|Any CPU
		{591E6902-7795-494F-8913-263CC4B5C03C}.AppStore|iPhone.Deploy.0 = Release|Any CPU
		{591E6902-7795-494F-8913-263CC4B5C03C}.AppStore|iPhoneSimulator.ActiveCfg = Release|Any CPU
		{591E6902-7795-494F-8913-263CC4B5C03C}.AppStore|iPhoneSimulator.Build.0 = Release|Any CPU
		{591E6902-7795-494F-8913-263CC4B5C03C}.AppStore|iPhoneSimulator.Deploy.0 = Release|Any CPU
		{591E6902-7795-494F-8913-263CC4B5C03C}.Debug|Any CPU.ActiveCfg = Debug|Any CPU
		{591E6902-7795-494F-8913-263CC4B5C03C}.Debug|Any CPU.Build.0 = Debug|Any CPU
		{591E6902-7795-494F-8913-263CC4B5C03C}.Debug|Any CPU.Deploy.0 = Debug|Any CPU
		{591E6902-7795-494F-8913-263CC4B5C03C}.Debug|iPhone.ActiveCfg = Debug|Any CPU
		{591E6902-7795-494F-8913-263CC4B5C03C}.Debug|iPhone.Build.0 = Debug|Any CPU
		{591E6902-7795-494F-8913-263CC4B5C03C}.Debug|iPhone.Deploy.0 = Debug|Any CPU
		{591E6902-7795-494F-8913-263CC4B5C03C}.Debug|iPhoneSimulator.ActiveCfg = Debug|Any CPU
		{591E6902-7795-494F-8913-263CC4B5C03C}.Debug|iPhoneSimulator.Build.0 = Debug|Any CPU
		{591E6902-7795-494F-8913-263CC4B5C03C}.Debug|iPhoneSimulator.Deploy.0 = Debug|Any CPU
		{591E6902-7795-494F-8913-263CC4B5C03C}.Release|Any CPU.ActiveCfg = Release|Any CPU
		{591E6902-7795-494F-8913-263CC4B5C03C}.Release|Any CPU.Build.0 = Release|Any CPU
		{591E6902-7795-494F-8913-263CC4B5C03C}.Release|Any CPU.Deploy.0 = Release|Any CPU
		{591E6902-7795-494F-8913-263CC4B5C03C}.Release|iPhone.ActiveCfg = Release|Any CPU
		{591E6902-7795-494F-8913-263CC4B5C03C}.Release|iPhone.Build.0 = Release|Any CPU
		{591E6902-7795-494F-8913-263CC4B5C03C}.Release|iPhone.Deploy.0 = Release|Any CPU
		{591E6902-7795-494F-8913-263CC4B5C03C}.Release|iPhoneSimulator.ActiveCfg = Release|Any CPU
		{591E6902-7795-494F-8913-263CC4B5C03C}.Release|iPhoneSimulator.Build.0 = Release|Any CPU
		{591E6902-7795-494F-8913-263CC4B5C03C}.Release|iPhoneSimulator.Deploy.0 = Release|Any CPU
		{80A96B52-6758-4BDB-B0B4-CEA4CA155C60}.Ad-Hoc|Any CPU.ActiveCfg = Release|iPhone
		{80A96B52-6758-4BDB-B0B4-CEA4CA155C60}.Ad-Hoc|Any CPU.Build.0 = Release|iPhone
		{80A96B52-6758-4BDB-B0B4-CEA4CA155C60}.Ad-Hoc|iPhone.ActiveCfg = Release|iPhone
		{80A96B52-6758-4BDB-B0B4-CEA4CA155C60}.Ad-Hoc|iPhone.Build.0 = Release|iPhone
		{80A96B52-6758-4BDB-B0B4-CEA4CA155C60}.Ad-Hoc|iPhoneSimulator.ActiveCfg = Release|iPhoneSimulator
		{80A96B52-6758-4BDB-B0B4-CEA4CA155C60}.Ad-Hoc|iPhoneSimulator.Build.0 = Release|iPhoneSimulator
		{80A96B52-6758-4BDB-B0B4-CEA4CA155C60}.AppStore|Any CPU.ActiveCfg = Release|iPhone
		{80A96B52-6758-4BDB-B0B4-CEA4CA155C60}.AppStore|Any CPU.Build.0 = Release|iPhone
		{80A96B52-6758-4BDB-B0B4-CEA4CA155C60}.AppStore|iPhone.ActiveCfg = Release|iPhone
		{80A96B52-6758-4BDB-B0B4-CEA4CA155C60}.AppStore|iPhone.Build.0 = Release|iPhone
		{80A96B52-6758-4BDB-B0B4-CEA4CA155C60}.AppStore|iPhoneSimulator.ActiveCfg = Release|iPhoneSimulator
		{80A96B52-6758-4BDB-B0B4-CEA4CA155C60}.AppStore|iPhoneSimulator.Build.0 = Release|iPhoneSimulator
		{80A96B52-6758-4BDB-B0B4-CEA4CA155C60}.Debug|Any CPU.ActiveCfg = Debug|iPhone
		{80A96B52-6758-4BDB-B0B4-CEA4CA155C60}.Debug|iPhone.ActiveCfg = Debug|iPhone
		{80A96B52-6758-4BDB-B0B4-CEA4CA155C60}.Debug|iPhone.Build.0 = Debug|iPhone
		{80A96B52-6758-4BDB-B0B4-CEA4CA155C60}.Debug|iPhoneSimulator.ActiveCfg = Debug|iPhoneSimulator
		{80A96B52-6758-4BDB-B0B4-CEA4CA155C60}.Debug|iPhoneSimulator.Build.0 = Debug|iPhoneSimulator
		{80A96B52-6758-4BDB-B0B4-CEA4CA155C60}.Release|Any CPU.ActiveCfg = Release|iPhone
		{80A96B52-6758-4BDB-B0B4-CEA4CA155C60}.Release|iPhone.ActiveCfg = Release|iPhone
		{80A96B52-6758-4BDB-B0B4-CEA4CA155C60}.Release|iPhone.Build.0 = Release|iPhone
		{80A96B52-6758-4BDB-B0B4-CEA4CA155C60}.Release|iPhoneSimulator.ActiveCfg = Release|iPhoneSimulator
		{80A96B52-6758-4BDB-B0B4-CEA4CA155C60}.Release|iPhoneSimulator.Build.0 = Release|iPhoneSimulator
	EndGlobalSection
	GlobalSection(SolutionProperties) = preSolution
		HideSolutionNode = FALSE
	EndGlobalSection
	GlobalSection(NestedProjects) = preSolution
		{0FEDB3FD-0DEC-4AEB-89D2-C9C351462D63} = {8AABE4EE-AEC6-4DB0-9C4F-C1ADE9C1930B}
		{2571ACC8-DE09-41A8-8676-A5FCCAAEE9A1} = {8FB61C37-408A-4A76-9511-FD954D8AF66E}
		{8246FB73-3F58-4EC7-80E2-787A79C43038} = {8FB61C37-408A-4A76-9511-FD954D8AF66E}
		{3D0305BF-B744-456A-B5C8-2A0821400C7E} = {2571ACC8-DE09-41A8-8676-A5FCCAAEE9A1}
		{B015D4D0-37C7-4607-BB35-A15B36FFEAEC} = {2571ACC8-DE09-41A8-8676-A5FCCAAEE9A1}
		{0E8BBDF6-D531-4BF2-819C-499A66B28606} = {2571ACC8-DE09-41A8-8676-A5FCCAAEE9A1}
		{C8E17218-F100-4CA4-ADC4-67BD6A01EB20} = {8246FB73-3F58-4EC7-80E2-787A79C43038}
		{591E6902-7795-494F-8913-263CC4B5C03C} = {8246FB73-3F58-4EC7-80E2-787A79C43038}
		{80A96B52-6758-4BDB-B0B4-CEA4CA155C60} = {8246FB73-3F58-4EC7-80E2-787A79C43038}
	EndGlobalSection
	GlobalSection(ExtensibilityGlobals) = postSolution
		SolutionGuid = {6F73F22D-26E0-4236-8090-3D9ABB473D82}
	EndGlobalSection
EndGlobal
